<?xml version="1.0" encoding="utf-8"?>
<Project ToolsVersion="4.0" xmlns="http://schemas.microsoft.com/developer/msbuild/2003">
  <ItemGroup>
    <ClCompile Include="..\..\source\AttackController.cpp" />
    <ClCompile Include="..\..\source\BaseEnemyModel.cpp" />
    <ClCompile Include="..\..\source\InputController.cpp" />
    <ClCompile Include="..\..\source\LiminalSpirit.cpp" />
    <ClCompile Include="..\..\source\main.cpp" />
    <ClCompile Include="..\..\source\SwipeController.cpp" />
    <ClCompile Include="..\..\source\PlayerModel.cpp" />
    <ClCompile Include="..\..\source\CollisionController.cpp" />
  </ItemGroup>
  <ItemGroup>
    <ClInclude Include="..\..\source\AttackController.hpp" />
    <ClInclude Include="..\..\source\BaseEnemyModel.h" />
    <ClInclude Include="..\..\source\InputController.hpp" />
    <ClInclude Include="..\..\source\LiminalSpiritApp.hpp" />
    <ClInclude Include="..\..\source\LSCharacter.h" />
    <ClInclude Include="..\..\source\SwipeController.hpp" />
    <ClInclude Include="resource.hpp" />
    <ClInclude Include="..\..\source\LiminalSpiritApp.h" />
    <ClInclude Include="..\..\source\PlayerModel.h" />
    <ClInclude Include="resource.h" />
    <ClInclude Include="..\..\source\CollisionController.hpp" />
  </ItemGroup>
  <ItemGroup>
    <ResourceCompile Include="LiminalSpirit.rc" />
  </ItemGroup>
  <ItemGroup>
    <Image Include="icon1.ico" />
  </ItemGroup>
</Project>